
Microsoft Visual Studio Solution File, Format Version 12.00
# Visual Studio Version 17
VisualStudioVersion = 17.7.34009.444
MinimumVisualStudioVersion = 10.0.40219.1
Project("{FAE04EC0-301F-11D3-BF4B-00C04F79EFBC}") = "Komplex_beadando", "Komplex_beadando\Komplex_beadando.csproj", "{5AEA8BAA-1AEA-4787-AE25-750BE0509DB7}"
EndProject
Global
	GlobalSection(SolutionConfigurationPlatforms) = preSolution
		Debug|Any CPU = Debug|Any CPU
		Release|Any CPU = Release|Any CPU
	EndGlobalSection
	GlobalSection(ProjectConfigurationPlatforms) = postSolution
		{5AEA8BAA-1AEA-4787-AE25-750BE0509DB7}.Debug|Any CPU.ActiveCfg = Debug|Any CPU
		{5AEA8BAA-1AEA-4787-AE25-750BE0509DB7}.Debug|Any CPU.Build.0 = Debug|Any CPU
		{5AEA8BAA-1AEA-4787-AE25-750BE0509DB7}.Release|Any CPU.ActiveCfg = Release|Any CPU
		{5AEA8BAA-1AEA-4787-AE25-750BE0509DB7}.Release|Any CPU.Build.0 = Release|Any CPU
	EndGlobalSection
	GlobalSection(SolutionProperties) = preSolution
		HideSolutionNode = FALSE
	EndGlobalSection
	GlobalSection(ExtensibilityGlobals) = postSolution
		SolutionGuid = {2930DAC8-A4F9-4B77-8A7F-6A66729FE3C7}
	EndGlobalSection
EndGlobal
